
Microsoft Visual Studio Solution File, Format Version 12.00
# Visual Studio Version 16
VisualStudioVersion = 16.0.29806.167
MinimumVisualStudioVersion = 10.0.40219.1
Project("{FAE04EC0-301F-11D3-BF4B-00C04F79EFBC}") = "AyakkabiDunyasi", "AyakkabiDunyasi\AyakkabiDunyasi.csproj", "{18607074-FB76-4D55-965A-2109B5F24433}"
EndProject
Global
	GlobalSection(SolutionConfigurationPlatforms) = preSolution
		Debug|Any CPU = Debug|Any CPU
		Release|Any CPU = Release|Any CPU
	EndGlobalSection
	GlobalSection(ProjectConfigurationPlatforms) = postSolution
		{18607074-FB76-4D55-965A-2109B5F24433}.Debug|Any CPU.ActiveCfg = Debug|Any CPU
		{18607074-FB76-4D55-965A-2109B5F24433}.Debug|Any CPU.Build.0 = Debug|Any CPU
		{18607074-FB76-4D55-965A-2109B5F24433}.Release|Any CPU.ActiveCfg = Release|Any CPU
		{18607074-FB76-4D55-965A-2109B5F24433}.Release|Any CPU.Build.0 = Release|Any CPU
	EndGlobalSection
	GlobalSection(SolutionProperties) = preSolution
		HideSolutionNode = FALSE
	EndGlobalSection
	GlobalSection(ExtensibilityGlobals) = postSolution
		SolutionGuid = {32603542-CB3C-497B-9FBB-DA2542B8EF9A}
	EndGlobalSection
EndGlobal
